
Microsoft Visual Studio Solution File, Format Version 12.00
Project("{FAE04EC0-301F-11D3-BF4B-00C04F79EFBC}") = "RecordReplay", "RecordReplay\RecordReplay.csproj", "{0EEB1975-C85F-42F3-AE13-585CAF47408F}"
EndProject
Global
	GlobalSection(SolutionConfigurationPlatforms) = preSolution
		Debug|Any CPU = Debug|Any CPU
		Release|Any CPU = Release|Any CPU
	EndGlobalSection
	GlobalSection(ProjectConfigurationPlatforms) = postSolution
		{0EEB1975-C85F-42F3-AE13-585CAF47408F}.Debug|Any CPU.ActiveCfg = Debug|Any CPU
		{0EEB1975-C85F-42F3-AE13-585CAF47408F}.Debug|Any CPU.Build.0 = Debug|Any CPU
		{0EEB1975-C85F-42F3-AE13-585CAF47408F}.Release|Any CPU.ActiveCfg = Release|Any CPU
		{0EEB1975-C85F-42F3-AE13-585CAF47408F}.Release|Any CPU.Build.0 = Release|Any CPU
	EndGlobalSection
EndGlobal
